<?xml version="1.0" encoding="utf-8"?>
<Project ToolsVersion="4.0" xmlns="http://schemas.microsoft.com/developer/msbuild/2003">
  <ItemGroup>
    <ClCompile Include="applicationrunner.cpp" />
    <ClCompile Include="binarycomposer.cpp" />
    <ClCompile Include="error.cpp" />
    <ClCompile Include="stdafx.cpp" />
    <ClCompile Include="string.cpp" />
    <ClCompile Include="network.cpp" />
    <ClCompile Include="guid.cpp" />
  </ItemGroup>
  <ItemGroup>
    <ClInclude Include="applicationrunner.h" />
    <ClInclude Include="binarycomposer.h" />
    <ClInclude Include="buffer.h" />
    <ClInclude Include="error.h" />
    <ClInclude Include="math.h" />
    <ClInclude Include="memory.h" />
    <ClInclude Include="stdafx.h" />
    <ClInclude Include="string.h" />
    <ClInclude Include="targetver.h" />
    <ClInclude Include="network.h" />
    <ClInclude Include="guid.h" />
  </ItemGroup>
</Project>